// !$*UTF8*$!
{
	archiveVersion = 1;
	classes = {
	};
	objectVersion = 55;
	objects = {

/* Begin PBXBuildFile section */
		2D75C74440306F31BE7A36EB /* Pods_firebase_auth_sample__macOS_.framework in Frameworks */ = {isa = PBXBuildFile; fileRef = 6AA45A29D67856ECE3D41CDC /* Pods_firebase_auth_sample__macOS_.framework */; };
		323AB2502967E1830067F854 /* HomeViewController.swift in Sources */ = {isa = PBXBuildFile; fileRef = 323AB24F2967E1830067F854 /* HomeViewController.swift */; };
		32A261BE2967120D00582809 /* Tests_iOS.swift in Sources */ = {isa = PBXBuildFile; fileRef = 32A261BD2967120D00582809 /* Tests_iOS.swift */; };
		32A261C02967120D00582809 /* Tests_iOSLaunchTests.swift in Sources */ = {isa = PBXBuildFile; fileRef = 32A261BF2967120D00582809 /* Tests_iOSLaunchTests.swift */; };
		32A261CA2967120D00582809 /* Tests_macOS.swift in Sources */ = {isa = PBXBuildFile; fileRef = 32A261C92967120D00582809 /* Tests_macOS.swift */; };
		32A261CC2967120D00582809 /* Tests_macOSLaunchTests.swift in Sources */ = {isa = PBXBuildFile; fileRef = 32A261CB2967120D00582809 /* Tests_macOSLaunchTests.swift */; };
		32A261CD2967120D00582809 /* firebase_auth_sampleApp.swift in Sources */ = {isa = PBXBuildFile; fileRef = 32A261A52967120500582809 /* firebase_auth_sampleApp.swift */; };
		32A261CE2967120D00582809 /* firebase_auth_sampleApp.swift in Sources */ = {isa = PBXBuildFile; fileRef = 32A261A52967120500582809 /* firebase_auth_sampleApp.swift */; };
		32A261CF2967120D00582809 /* ContentView.swift in Sources */ = {isa = PBXBuildFile; fileRef = 32A261A62967120500582809 /* ContentView.swift */; };
		32A261D02967120D00582809 /* ContentView.swift in Sources */ = {isa = PBXBuildFile; fileRef = 32A261A62967120500582809 /* ContentView.swift */; };
		32A261D12967120D00582809 /* Assets.xcassets in Resources */ = {isa = PBXBuildFile; fileRef = 32A261A72967120D00582809 /* Assets.xcassets */; };
		32A261D22967120D00582809 /* Assets.xcassets in Resources */ = {isa = PBXBuildFile; fileRef = 32A261A72967120D00582809 /* Assets.xcassets */; };
		32A261E529671DB200582809 /* GoogleService-Info.plist in Resources */ = {isa = PBXBuildFile; fileRef = 32A261E429671DB200582809 /* GoogleService-Info.plist */; };
		32A261E629671DB200582809 /* GoogleService-Info.plist in Resources */ = {isa = PBXBuildFile; fileRef = 32A261E429671DB200582809 /* GoogleService-Info.plist */; };
		32A261EC2967215B00582809 /* ContentViewModel.swift in Sources */ = {isa = PBXBuildFile; fileRef = 32A261EB2967215B00582809 /* ContentViewModel.swift */; };
		32A261ED2967215B00582809 /* ContentViewModel.swift in Sources */ = {isa = PBXBuildFile; fileRef = 32A261EB2967215B00582809 /* ContentViewModel.swift */; };
		32A261EF296724BD00582809 /* AppDelegate.swift in Sources */ = {isa = PBXBuildFile; fileRef = 32A261EE296724BD00582809 /* AppDelegate.swift */; };
		32A261F0296724BD00582809 /* AppDelegate.swift in Sources */ = {isa = PBXBuildFile; fileRef = 32A261EE296724BD00582809 /* AppDelegate.swift */; };
		943FF3E04EC69CB8067DFB61 /* Pods_firebase_auth_sample__iOS_.framework in Frameworks */ = {isa = PBXBuildFile; fileRef = 9470587D2DB5097FE91AFB55 /* Pods_firebase_auth_sample__iOS_.framework */; };
/* End PBXBuildFile section */

/* Begin PBXContainerItemProxy section */
		32A261BA2967120D00582809 /* PBXContainerItemProxy */ = {
			isa = PBXContainerItemProxy;
			containerPortal = 32A261A02967120500582809 /* Project object */;
			proxyType = 1;
			remoteGlobalIDString = 32A261AB2967120D00582809;
			remoteInfo = "firebase_auth_sample (iOS)";
		};
		32A261C62967120D00582809 /* PBXContainerItemProxy */ = {
			isa = PBXContainerItemProxy;
			containerPortal = 32A261A02967120500582809 /* Project object */;
			proxyType = 1;
			remoteGlobalIDString = 32A261B12967120D00582809;
			remoteInfo = "firebase_auth_sample (macOS)";
		};
/* End PBXContainerItemProxy section */

/* Begin PBXFileReference section */
		0E3E920989EF4F5ABAD61346 /* Pods-firebase_auth_sample (iOS).release.xcconfig */ = {isa = PBXFileReference; includeInIndex = 1; lastKnownFileType = text.xcconfig; name = "Pods-firebase_auth_sample (iOS).release.xcconfig"; path = "Target Support Files/Pods-firebase_auth_sample (iOS)/Pods-firebase_auth_sample (iOS).release.xcconfig"; sourceTree = "<group>"; };
		2DA4DF55FF87D136636375D1 /* Pods-firebase_auth_sample (macOS).release.xcconfig */ = {isa = PBXFileReference; includeInIndex = 1; lastKnownFileType = text.xcconfig; name = "Pods-firebase_auth_sample (macOS).release.xcconfig"; path = "Target Support Files/Pods-firebase_auth_sample (macOS)/Pods-firebase_auth_sample (macOS).release.xcconfig"; sourceTree = "<group>"; };
		323AB24F2967E1830067F854 /* HomeViewController.swift */ = {isa = PBXFileReference; lastKnownFileType = sourcecode.swift; path = HomeViewController.swift; sourceTree = "<group>"; };
		32A261A52967120500582809 /* firebase_auth_sampleApp.swift */ = {isa = PBXFileReference; lastKnownFileType = sourcecode.swift; path = firebase_auth_sampleApp.swift; sourceTree = "<group>"; };
		32A261A62967120500582809 /* ContentView.swift */ = {isa = PBXFileReference; lastKnownFileType = sourcecode.swift; path = ContentView.swift; sourceTree = "<group>"; };
		32A261A72967120D00582809 /* Assets.xcassets */ = {isa = PBXFileReference; lastKnownFileType = folder.assetcatalog; path = Assets.xcassets; sourceTree = "<group>"; };
		32A261AC2967120D00582809 /* firebase_auth_sample.app */ = {isa = PBXFileReference; explicitFileType = wrapper.application; includeInIndex = 0; path = firebase_auth_sample.app; sourceTree = BUILT_PRODUCTS_DIR; };
		32A261B22967120D00582809 /* firebase_auth_sample.app */ = {isa = PBXFileReference; explicitFileType = wrapper.application; includeInIndex = 0; path = firebase_auth_sample.app; sourceTree = BUILT_PRODUCTS_DIR; };
		32A261B42967120D00582809 /* macOS.entitlements */ = {isa = PBXFileReference; lastKnownFileType = text.plist.entitlements; path = macOS.entitlements; sourceTree = "<group>"; };
		32A261B92967120D00582809 /* Tests iOS.xctest */ = {isa = PBXFileReference; explicitFileType = wrapper.cfbundle; includeInIndex = 0; path = "Tests iOS.xctest"; sourceTree = BUILT_PRODUCTS_DIR; };
		32A261BD2967120D00582809 /* Tests_iOS.swift */ = {isa = PBXFileReference; lastKnownFileType = sourcecode.swift; path = Tests_iOS.swift; sourceTree = "<group>"; };
		32A261BF2967120D00582809 /* Tests_iOSLaunchTests.swift */ = {isa = PBXFileReference; lastKnownFileType = sourcecode.swift; path = Tests_iOSLaunchTests.swift; sourceTree = "<group>"; };
		32A261C52967120D00582809 /* Tests macOS.xctest */ = {isa = PBXFileReference; explicitFileType = wrapper.cfbundle; includeInIndex = 0; path = "Tests macOS.xctest"; sourceTree = BUILT_PRODUCTS_DIR; };
		32A261C92967120D00582809 /* Tests_macOS.swift */ = {isa = PBXFileReference; lastKnownFileType = sourcecode.swift; path = Tests_macOS.swift; sourceTree = "<group>"; };
		32A261CB2967120D00582809 /* Tests_macOSLaunchTests.swift */ = {isa = PBXFileReference; lastKnownFileType = sourcecode.swift; path = Tests_macOSLaunchTests.swift; sourceTree = "<group>"; };
		32A261E429671DB200582809 /* GoogleService-Info.plist */ = {isa = PBXFileReference; fileEncoding = 4; lastKnownFileType = text.plist.xml; path = "GoogleService-Info.plist"; sourceTree = "<group>"; };
		32A261EB2967215B00582809 /* ContentViewModel.swift */ = {isa = PBXFileReference; lastKnownFileType = sourcecode.swift; path = ContentViewModel.swift; sourceTree = "<group>"; };
		32A261EE296724BD00582809 /* AppDelegate.swift */ = {isa = PBXFileReference; lastKnownFileType = sourcecode.swift; path = AppDelegate.swift; sourceTree = "<group>"; };
		64D03090E26F1D2F6920592E /* Pods-firebase_auth_sample (iOS).debug.xcconfig */ = {isa = PBXFileReference; includeInIndex = 1; lastKnownFileType = text.xcconfig; name = "Pods-firebase_auth_sample (iOS).debug.xcconfig"; path = "Target Support Files/Pods-firebase_auth_sample (iOS)/Pods-firebase_auth_sample (iOS).debug.xcconfig"; sourceTree = "<group>"; };
		6AA45A29D67856ECE3D41CDC /* Pods_firebase_auth_sample__macOS_.framework */ = {isa = PBXFileReference; explicitFileType = wrapper.framework; includeInIndex = 0; path = Pods_firebase_auth_sample__macOS_.framework; sourceTree = BUILT_PRODUCTS_DIR; };
		9470587D2DB5097FE91AFB55 /* Pods_firebase_auth_sample__iOS_.framework */ = {isa = PBXFileReference; explicitFileType = wrapper.framework; includeInIndex = 0; path = Pods_firebase_auth_sample__iOS_.framework; sourceTree = BUILT_PRODUCTS_DIR; };
		FE19F29E4645A5F36BE10DD5 /* Pods-firebase_auth_sample (macOS).debug.xcconfig */ = {isa = PBXFileReference; includeInIndex = 1; lastKnownFileType = text.xcconfig; name = "Pods-firebase_auth_sample (macOS).debug.xcconfig"; path = "Target Support Files/Pods-firebase_auth_sample (macOS)/Pods-firebase_auth_sample (macOS).debug.xcconfig"; sourceTree = "<group>"; };
/* End PBXFileReference section */

/* Begin PBXFrameworksBuildPhase section */
		32A261A92967120D00582809 /* Frameworks */ = {
			isa = PBXFrameworksBuildPhase;
			buildActionMask = 2147483647;
			files = (
				943FF3E04EC69CB8067DFB61 /* Pods_firebase_auth_sample__iOS_.framework in Frameworks */,
			);
			runOnlyForDeploymentPostprocessing = 0;
		};
		32A261AF2967120D00582809 /* Frameworks */ = {
			isa = PBXFrameworksBuildPhase;
			buildActionMask = 2147483647;
			files = (
				2D75C74440306F31BE7A36EB /* Pods_firebase_auth_sample__macOS_.framework in Frameworks */,
			);
			runOnlyForDeploymentPostprocessing = 0;
		};
		32A261B62967120D00582809 /* Frameworks */ = {
			isa = PBXFrameworksBuildPhase;
			buildActionMask = 2147483647;
			files = (
			);
			runOnlyForDeploymentPostprocessing = 0;
		};
		32A261C22967120D00582809 /* Frameworks */ = {
			isa = PBXFrameworksBuildPhase;
			buildActionMask = 2147483647;
			files = (
			);
			runOnlyForDeploymentPostprocessing = 0;
		};
/* End PBXFrameworksBuildPhase section */

/* Begin PBXGroup section */
		0FAB5A4728D6357726121CA8 /* Frameworks */ = {
			isa = PBXGroup;
			children = (
				9470587D2DB5097FE91AFB55 /* Pods_firebase_auth_sample__iOS_.framework */,
				6AA45A29D67856ECE3D41CDC /* Pods_firebase_auth_sample__macOS_.framework */,
			);
			name = Frameworks;
			sourceTree = "<group>";
		};
		323AB2472967C3970067F854 /* View */ = {
			isa = PBXGroup;
			children = (
				323AB24E2967E1530067F854 /* Home */,
				323AB24D2967C5EB0067F854 /* Components */,
				323AB24C2967C5CC0067F854 /* Content */,
			);
			path = View;
			sourceTree = "<group>";
		};
		323AB2482967C4D90067F854 /* Sources */ = {
			isa = PBXGroup;
			children = (
				323AB24B2967C5B80067F854 /* API */,
				323AB2472967C3970067F854 /* View */,
			);
			path = Sources;
			sourceTree = "<group>";
		};
		323AB2492967C5040067F854 /* Plist */ = {
			isa = PBXGroup;
			children = (
				32A261E429671DB200582809 /* GoogleService-Info.plist */,
			);
			path = Plist;
			sourceTree = "<group>";
		};
		323AB24A2967C5740067F854 /* Resources */ = {
			isa = PBXGroup;
			children = (
				32A261A72967120D00582809 /* Assets.xcassets */,
				323AB2492967C5040067F854 /* Plist */,
			);
			path = Resources;
			sourceTree = "<group>";
		};
		323AB24B2967C5B80067F854 /* API */ = {
			isa = PBXGroup;
			children = (
			);
			path = API;
			sourceTree = "<group>";
		};
		323AB24C2967C5CC0067F854 /* Content */ = {
			isa = PBXGroup;
			children = (
				32A261A62967120500582809 /* ContentView.swift */,
				32A261EB2967215B00582809 /* ContentViewModel.swift */,
			);
			path = Content;
			sourceTree = "<group>";
		};
		323AB24D2967C5EB0067F854 /* Components */ = {
			isa = PBXGroup;
			children = (
			);
			path = Components;
			sourceTree = "<group>";
		};
		323AB24E2967E1530067F854 /* Home */ = {
			isa = PBXGroup;
			children = (
				323AB24F2967E1830067F854 /* HomeViewController.swift */,
			);
			path = Home;
			sourceTree = "<group>";
		};
		32A2619F2967120500582809 = {
			isa = PBXGroup;
			children = (
				32A261A42967120500582809 /* firebase_auth_sample */,
				32A261B32967120D00582809 /* macOS */,
				32A261BC2967120D00582809 /* Tests iOS */,
				32A261C82967120D00582809 /* Tests macOS */,
				32A261AD2967120D00582809 /* Products */,
				7895D74A8CCBE1559482A13E /* Pods */,
				0FAB5A4728D6357726121CA8 /* Frameworks */,
			);
			sourceTree = "<group>";
		};
		32A261A42967120500582809 /* firebase_auth_sample */ = {
			isa = PBXGroup;
			children = (
				32A261A52967120500582809 /* firebase_auth_sampleApp.swift */,
				323AB24A2967C5740067F854 /* Resources */,
				323AB2482967C4D90067F854 /* Sources */,
				32A261EE296724BD00582809 /* AppDelegate.swift */,
			);
			path = firebase_auth_sample;
			sourceTree = "<group>";
		};
		32A261AD2967120D00582809 /* Products */ = {
			isa = PBXGroup;
			children = (
				32A261AC2967120D00582809 /* firebase_auth_sample.app */,
				32A261B22967120D00582809 /* firebase_auth_sample.app */,
				32A261B92967120D00582809 /* Tests iOS.xctest */,
				32A261C52967120D00582809 /* Tests macOS.xctest */,
			);
			name = Products;
			sourceTree = "<group>";
		};
		32A261B32967120D00582809 /* macOS */ = {
			isa = PBXGroup;
			children = (
				32A261B42967120D00582809 /* macOS.entitlements */,
			);
			path = macOS;
			sourceTree = "<group>";
		};
		32A261BC2967120D00582809 /* Tests iOS */ = {
			isa = PBXGroup;
			children = (
				32A261BD2967120D00582809 /* Tests_iOS.swift */,
				32A261BF2967120D00582809 /* Tests_iOSLaunchTests.swift */,
			);
			path = "Tests iOS";
			sourceTree = "<group>";
		};
		32A261C82967120D00582809 /* Tests macOS */ = {
			isa = PBXGroup;
			children = (
				32A261C92967120D00582809 /* Tests_macOS.swift */,
				32A261CB2967120D00582809 /* Tests_macOSLaunchTests.swift */,
			);
			path = "Tests macOS";
			sourceTree = "<group>";
		};
		7895D74A8CCBE1559482A13E /* Pods */ = {
			isa = PBXGroup;
			children = (
				64D03090E26F1D2F6920592E /* Pods-firebase_auth_sample (iOS).debug.xcconfig */,
				0E3E920989EF4F5ABAD61346 /* Pods-firebase_auth_sample (iOS).release.xcconfig */,
				FE19F29E4645A5F36BE10DD5 /* Pods-firebase_auth_sample (macOS).debug.xcconfig */,
				2DA4DF55FF87D136636375D1 /* Pods-firebase_auth_sample (macOS).release.xcconfig */,
			);
			path = Pods;
			sourceTree = "<group>";
		};
/* End PBXGroup section */

/* Begin PBXNativeTarget section */
		32A261AB2967120D00582809 /* firebase_auth_sample (iOS) */ = {
			isa = PBXNativeTarget;
			buildConfigurationList = 32A261D52967120D00582809 /* Build configuration list for PBXNativeTarget "firebase_auth_sample (iOS)" */;
			buildPhases = (
				A6407C2101C9370BD1DD64E1 /* [CP] Check Pods Manifest.lock */,
				32A261A82967120D00582809 /* Sources */,
				32A261A92967120D00582809 /* Frameworks */,
				32A261AA2967120D00582809 /* Resources */,
				6F84A0F63001544E1D4E30FC /* [CP] Embed Pods Frameworks */,
			);
			buildRules = (
			);
			dependencies = (
			);
			name = "firebase_auth_sample (iOS)";
			productName = "firebase_auth_sample (iOS)";
			productReference = 32A261AC2967120D00582809 /* firebase_auth_sample.app */;
			productType = "com.apple.product-type.application";
		};
		32A261B12967120D00582809 /* firebase_auth_sample (macOS) */ = {
			isa = PBXNativeTarget;
			buildConfigurationList = 32A261D82967120D00582809 /* Build configuration list for PBXNativeTarget "firebase_auth_sample (macOS)" */;
			buildPhases = (
				8CE1AF7D44D85B2105B2FD71 /* [CP] Check Pods Manifest.lock */,
				32A261AE2967120D00582809 /* Sources */,
				32A261AF2967120D00582809 /* Frameworks */,
				32A261B02967120D00582809 /* Resources */,
				0657B3B10B96FE614F7FEB6E /* [CP] Embed Pods Frameworks */,
			);
			buildRules = (
			);
			dependencies = (
			);
			name = "firebase_auth_sample (macOS)";
			productName = "firebase_auth_sample (macOS)";
			productReference = 32A261B22967120D00582809 /* firebase_auth_sample.app */;
			productType = "com.apple.product-type.application";
		};
		32A261B82967120D00582809 /* Tests iOS */ = {
			isa = PBXNativeTarget;
			buildConfigurationList = 32A261DB2967120D00582809 /* Build configuration list for PBXNativeTarget "Tests iOS" */;
			buildPhases = (
				32A261B52967120D00582809 /* Sources */,
				32A261B62967120D00582809 /* Frameworks */,
				32A261B72967120D00582809 /* Resources */,
			);
			buildRules = (
			);
			dependencies = (
				32A261BB2967120D00582809 /* PBXTargetDependency */,
			);
			name = "Tests iOS";
			productName = "Tests iOS";
			productReference = 32A261B92967120D00582809 /* Tests iOS.xctest */;
			productType = "com.apple.product-type.bundle.ui-testing";
		};
		32A261C42967120D00582809 /* Tests macOS */ = {
			isa = PBXNativeTarget;
			buildConfigurationList = 32A261DE2967120D00582809 /* Build configuration list for PBXNativeTarget "Tests macOS" */;
			buildPhases = (
				32A261C12967120D00582809 /* Sources */,
				32A261C22967120D00582809 /* Frameworks */,
				32A261C32967120D00582809 /* Resources */,
			);
			buildRules = (
			);
			dependencies = (
				32A261C72967120D00582809 /* PBXTargetDependency */,
			);
			name = "Tests macOS";
			productName = "Tests macOS";
			productReference = 32A261C52967120D00582809 /* Tests macOS.xctest */;
			productType = "com.apple.product-type.bundle.ui-testing";
		};
/* End PBXNativeTarget section */

/* Begin PBXProject section */
		32A261A02967120500582809 /* Project object */ = {
			isa = PBXProject;
			attributes = {
				BuildIndependentTargetsInParallel = 1;
				LastSwiftUpdateCheck = 1340;
				LastUpgradeCheck = 1340;
				TargetAttributes = {
					32A261AB2967120D00582809 = {
						CreatedOnToolsVersion = 13.4;
					};
					32A261B12967120D00582809 = {
						CreatedOnToolsVersion = 13.4;
					};
					32A261B82967120D00582809 = {
						CreatedOnToolsVersion = 13.4;
						TestTargetID = 32A261AB2967120D00582809;
					};
					32A261C42967120D00582809 = {
						CreatedOnToolsVersion = 13.4;
						TestTargetID = 32A261B12967120D00582809;
					};
				};
			};
			buildConfigurationList = 32A261A32967120500582809 /* Build configuration list for PBXProject "firebase_auth_sample" */;
			compatibilityVersion = "Xcode 13.0";
			developmentRegion = en;
			hasScannedForEncodings = 0;
			knownRegions = (
				en,
				Base,
			);
			mainGroup = 32A2619F2967120500582809;
			productRefGroup = 32A261AD2967120D00582809 /* Products */;
			projectDirPath = "";
			projectRoot = "";
			targets = (
				32A261AB2967120D00582809 /* firebase_auth_sample (iOS) */,
				32A261B12967120D00582809 /* firebase_auth_sample (macOS) */,
				32A261B82967120D00582809 /* Tests iOS */,
				32A261C42967120D00582809 /* Tests macOS */,
			);
		};
/* End PBXProject section */

/* Begin PBXResourcesBuildPhase section */
		32A261AA2967120D00582809 /* Resources */ = {
			isa = PBXResourcesBuildPhase;
			buildActionMask = 2147483647;
			files = (
				32A261D12967120D00582809 /* Assets.xcassets in Resources */,
				32A261E529671DB200582809 /* GoogleService-Info.plist in Resources */,
			);
			runOnlyForDeploymentPostprocessing = 0;
		};
		32A261B02967120D00582809 /* Resources */ = {
			isa = PBXResourcesBuildPhase;
			buildActionMask = 2147483647;
			files = (
				32A261D22967120D00582809 /* Assets.xcassets in Resources */,
				32A261E629671DB200582809 /* GoogleService-Info.plist in Resources */,
			);
			runOnlyForDeploymentPostprocessing = 0;
		};
		32A261B72967120D00582809 /* Resources */ = {
			isa = PBXResourcesBuildPhase;
			buildActionMask = 2147483647;
			files = (
			);
			runOnlyForDeploymentPostprocessing = 0;
		};
		32A261C32967120D00582809 /* Resources */ = {
			isa = PBXResourcesBuildPhase;
			buildActionMask = 2147483647;
			files = (
			);
			runOnlyForDeploymentPostprocessing = 0;
		};
/* End PBXResourcesBuildPhase section */

/* Begin PBXShellScriptBuildPhase section */
		0657B3B10B96FE614F7FEB6E /* [CP] Embed Pods Frameworks */ = {
			isa = PBXShellScriptBuildPhase;
			buildActionMask = 2147483647;
			files = (
			);
			inputFileListPaths = (
				"${PODS_ROOT}/Target Support Files/Pods-firebase_auth_sample (macOS)/Pods-firebase_auth_sample (macOS)-frameworks-${CONFIGURATION}-input-files.xcfilelist",
			);
			name = "[CP] Embed Pods Frameworks";
			outputFileListPaths = (
				"${PODS_ROOT}/Target Support Files/Pods-firebase_auth_sample (macOS)/Pods-firebase_auth_sample (macOS)-frameworks-${CONFIGURATION}-output-files.xcfilelist",
			);
			runOnlyForDeploymentPostprocessing = 0;
			shellPath = /bin/sh;
			shellScript = "\"${PODS_ROOT}/Target Support Files/Pods-firebase_auth_sample (macOS)/Pods-firebase_auth_sample (macOS)-frameworks.sh\"\n";
			showEnvVarsInLog = 0;
		};
		6F84A0F63001544E1D4E30FC /* [CP] Embed Pods Frameworks */ = {
			isa = PBXShellScriptBuildPhase;
			buildActionMask = 2147483647;
			files = (
			);
			inputFileListPaths = (
				"${PODS_ROOT}/Target Support Files/Pods-firebase_auth_sample (iOS)/Pods-firebase_auth_sample (iOS)-frameworks-${CONFIGURATION}-input-files.xcfilelist",
			);
			name = "[CP] Embed Pods Frameworks";
			outputFileListPaths = (
				"${PODS_ROOT}/Target Support Files/Pods-firebase_auth_sample (iOS)/Pods-firebase_auth_sample (iOS)-frameworks-${CONFIGURATION}-output-files.xcfilelist",
			);
			runOnlyForDeploymentPostprocessing = 0;
			shellPath = /bin/sh;
			shellScript = "\"${PODS_ROOT}/Target Support Files/Pods-firebase_auth_sample (iOS)/Pods-firebase_auth_sample (iOS)-frameworks.sh\"\n";
			showEnvVarsInLog = 0;
		};
		8CE1AF7D44D85B2105B2FD71 /* [CP] Check Pods Manifest.lock */ = {
			isa = PBXShellScriptBuildPhase;
			buildActionMask = 2147483647;
			files = (
			);
			inputFileListPaths = (
			);
			inputPaths = (
				"${PODS_PODFILE_DIR_PATH}/Podfile.lock",
				"${PODS_ROOT}/Manifest.lock",
			);
			name = "[CP] Check Pods Manifest.lock";
			outputFileListPaths = (
			);
			outputPaths = (
				"$(DERIVED_FILE_DIR)/Pods-firebase_auth_sample (macOS)-checkManifestLockResult.txt",
			);
			runOnlyForDeploymentPostprocessing = 0;
			shellPath = /bin/sh;
			shellScript = "diff \"${PODS_PODFILE_DIR_PATH}/Podfile.lock\" \"${PODS_ROOT}/Manifest.lock\" > /dev/null\nif [ $? != 0 ] ; then\n    # print error to STDERR\n    echo \"error: The sandbox is not in sync with the Podfile.lock. Run 'pod install' or update your CocoaPods installation.\" >&2\n    exit 1\nfi\n# This output is used by Xcode 'outputs' to avoid re-running this script phase.\necho \"SUCCESS\" > \"${SCRIPT_OUTPUT_FILE_0}\"\n";
			showEnvVarsInLog = 0;
		};
		A6407C2101C9370BD1DD64E1 /* [CP] Check Pods Manifest.lock */ = {
			isa = PBXShellScriptBuildPhase;
			buildActionMask = 2147483647;
			files = (
			);
			inputFileListPaths = (
			);
			inputPaths = (
				"${PODS_PODFILE_DIR_PATH}/Podfile.lock",
				"${PODS_ROOT}/Manifest.lock",
			);
			name = "[CP] Check Pods Manifest.lock";
			outputFileListPaths = (
			);
			outputPaths = (
				"$(DERIVED_FILE_DIR)/Pods-firebase_auth_sample (iOS)-checkManifestLockResult.txt",
			);
			runOnlyForDeploymentPostprocessing = 0;
			shellPath = /bin/sh;
			shellScript = "diff \"${PODS_PODFILE_DIR_PATH}/Podfile.lock\" \"${PODS_ROOT}/Manifest.lock\" > /dev/null\nif [ $? != 0 ] ; then\n    # print error to STDERR\n    echo \"error: The sandbox is not in sync with the Podfile.lock. Run 'pod install' or update your CocoaPods installation.\" >&2\n    exit 1\nfi\n# This output is used by Xcode 'outputs' to avoid re-running this script phase.\necho \"SUCCESS\" > \"${SCRIPT_OUTPUT_FILE_0}\"\n";
			showEnvVarsInLog = 0;
		};
/* End PBXShellScriptBuildPhase section */

/* Begin PBXSourcesBuildPhase section */
		32A261A82967120D00582809 /* Sources */ = {
			isa = PBXSourcesBuildPhase;
			buildActionMask = 2147483647;
			files = (
				323AB2502967E1830067F854 /* HomeViewController.swift in Sources */,
				32A261EF296724BD00582809 /* AppDelegate.swift in Sources */,
				32A261CF2967120D00582809 /* ContentView.swift in Sources */,
				32A261CD2967120D00582809 /* firebase_auth_sampleApp.swift in Sources */,
				32A261EC2967215B00582809 /* ContentViewModel.swift in Sources */,
			);
			runOnlyForDeploymentPostprocessing = 0;
		};
		32A261AE2967120D00582809 /* Sources */ = {
			isa = PBXSourcesBuildPhase;
			buildActionMask = 2147483647;
			files = (
				32A261F0296724BD00582809 /* AppDelegate.swift in Sources */,
				32A261D02967120D00582809 /* ContentView.swift in Sources */,
				32A261CE2967120D00582809 /* firebase_auth_sampleApp.swift in Sources */,
				32A261ED2967215B00582809 /* ContentViewModel.swift in Sources */,
			);
			runOnlyForDeploymentPostprocessing = 0;
		};
		32A261B52967120D00582809 /* Sources */ = {
			isa = PBXSourcesBuildPhase;
			buildActionMask = 2147483647;
			files = (
				32A261C02967120D00582809 /* Tests_iOSLaunchTests.swift in Sources */,
				32A261BE2967120D00582809 /* Tests_iOS.swift in Sources */,
			);
			runOnlyForDeploymentPostprocessing = 0;
		};
		32A261C12967120D00582809 /* Sources */ = {
			isa = PBXSourcesBuildPhase;
			buildActionMask = 2147483647;
			files = (
				32A261CC2967120D00582809 /* Tests_macOSLaunchTests.swift in Sources */,
				32A261CA2967120D00582809 /* Tests_macOS.swift in Sources */,
			);
			runOnlyForDeploymentPostprocessing = 0;
		};
/* End PBXSourcesBuildPhase section */

/* Begin PBXTargetDependency section */
		32A261BB2967120D00582809 /* PBXTargetDependency */ = {
			isa = PBXTargetDependency;
			target = 32A261AB2967120D00582809 /* firebase_auth_sample (iOS) */;
			targetProxy = 32A261BA2967120D00582809 /* PBXContainerItemProxy */;
		};
		32A261C72967120D00582809 /* PBXTargetDependency */ = {
			isa = PBXTargetDependency;
			target = 32A261B12967120D00582809 /* firebase_auth_sample (macOS) */;
			targetProxy = 32A261C62967120D00582809 /* PBXContainerItemProxy */;
		};
/* End PBXTargetDependency section */

/* Begin XCBuildConfiguration section */
		32A261D32967120D00582809 /* Debug */ = {
			isa = XCBuildConfiguration;
			buildSettings = {
				ALWAYS_SEARCH_USER_PATHS = NO;
				CLANG_ANALYZER_NONNULL = YES;
				CLANG_ANALYZER_NUMBER_OBJECT_CONVERSION = YES_AGGRESSIVE;
				CLANG_CXX_LANGUAGE_STANDARD = "gnu++17";
				CLANG_ENABLE_MODULES = YES;
				CLANG_ENABLE_OBJC_ARC = YES;
				CLANG_ENABLE_OBJC_WEAK = YES;
				CLANG_WARN_BLOCK_CAPTURE_AUTORELEASING = YES;
				CLANG_WARN_BOOL_CONVERSION = YES;
				CLANG_WARN_COMMA = YES;
				CLANG_WARN_CONSTANT_CONVERSION = YES;
				CLANG_WARN_DEPRECATED_OBJC_IMPLEMENTATIONS = YES;
				CLANG_WARN_DIRECT_OBJC_ISA_USAGE = YES_ERROR;
				CLANG_WARN_DOCUMENTATION_COMMENTS = YES;
				CLANG_WARN_EMPTY_BODY = YES;
				CLANG_WARN_ENUM_CONVERSION = YES;
				CLANG_WARN_INFINITE_RECURSION = YES;
				CLANG_WARN_INT_CONVERSION = YES;
				CLANG_WARN_NON_LITERAL_NULL_CONVERSION = YES;
				CLANG_WARN_OBJC_IMPLICIT_RETAIN_SELF = YES;
				CLANG_WARN_OBJC_LITERAL_CONVERSION = YES;
				CLANG_WARN_OBJC_ROOT_CLASS = YES_ERROR;
				CLANG_WARN_QUOTED_INCLUDE_IN_FRAMEWORK_HEADER = YES;
				CLANG_WARN_RANGE_LOOP_ANALYSIS = YES;
				CLANG_WARN_STRICT_PROTOTYPES = YES;
				CLANG_WARN_SUSPICIOUS_MOVE = YES;
				CLANG_WARN_UNGUARDED_AVAILABILITY = YES_AGGRESSIVE;
				CLANG_WARN_UNREACHABLE_CODE = YES;
				CLANG_WARN__DUPLICATE_METHOD_MATCH = YES;
				COPY_PHASE_STRIP = NO;
				DEBUG_INFORMATION_FORMAT = dwarf;
				ENABLE_STRICT_OBJC_MSGSEND = YES;
				ENABLE_TESTABILITY = YES;
				GCC_C_LANGUAGE_STANDARD = gnu11;
				GCC_DYNAMIC_NO_PIC = NO;
				GCC_NO_COMMON_BLOCKS = YES;
				GCC_OPTIMIZATION_LEVEL = 0;
				GCC_PREPROCESSOR_DEFINITIONS = (
					"DEBUG=1",
					"$(inherited)",
				);
				GCC_WARN_64_TO_32_BIT_CONVERSION = YES;
				GCC_WARN_ABOUT_RETURN_TYPE = YES_ERROR;
				GCC_WARN_UNDECLARED_SELECTOR = YES;
				GCC_WARN_UNINITIALIZED_AUTOS = YES_AGGRESSIVE;
				GCC_WARN_UNUSED_FUNCTION = YES;
				GCC_WARN_UNUSED_VARIABLE = YES;
				MTL_ENABLE_DEBUG_INFO = INCLUDE_SOURCE;
				MTL_FAST_MATH = YES;
				ONLY_ACTIVE_ARCH = YES;
				SWIFT_ACTIVE_COMPILATION_CONDITIONS = DEBUG;
				SWIFT_OPTIMIZATION_LEVEL = "-Onone";
			};
			name = Debug;
		};
		32A261D42967120D00582809 /* Release */ = {
			isa = XCBuildConfiguration;
			buildSettings = {
				ALWAYS_SEARCH_USER_PATHS = NO;
				CLANG_ANALYZER_NONNULL = YES;
				CLANG_ANALYZER_NUMBER_OBJECT_CONVERSION = YES_AGGRESSIVE;
				CLANG_CXX_LANGUAGE_STANDARD = "gnu++17";
				CLANG_ENABLE_MODULES = YES;
				CLANG_ENABLE_OBJC_ARC = YES;
				CLANG_ENABLE_OBJC_WEAK = YES;
				CLANG_WARN_BLOCK_CAPTURE_AUTORELEASING = YES;
				CLANG_WARN_BOOL_CONVERSION = YES;
				CLANG_WARN_COMMA = YES;
				CLANG_WARN_CONSTANT_CONVERSION = YES;
				CLANG_WARN_DEPRECATED_OBJC_IMPLEMENTATIONS = YES;
				CLANG_WARN_DIRECT_OBJC_ISA_USAGE = YES_ERROR;
				CLANG_WARN_DOCUMENTATION_COMMENTS = YES;
				CLANG_WARN_EMPTY_BODY = YES;
				CLANG_WARN_ENUM_CONVERSION = YES;
				CLANG_WARN_INFINITE_RECURSION = YES;
				CLANG_WARN_INT_CONVERSION = YES;
				CLANG_WARN_NON_LITERAL_NULL_CONVERSION = YES;
				CLANG_WARN_OBJC_IMPLICIT_RETAIN_SELF = YES;
				CLANG_WARN_OBJC_LITERAL_CONVERSION = YES;
				CLANG_WARN_OBJC_ROOT_CLASS = YES_ERROR;
				CLANG_WARN_QUOTED_INCLUDE_IN_FRAMEWORK_HEADER = YES;
				CLANG_WARN_RANGE_LOOP_ANALYSIS = YES;
				CLANG_WARN_STRICT_PROTOTYPES = YES;
				CLANG_WARN_SUSPICIOUS_MOVE = YES;
				CLANG_WARN_UNGUARDED_AVAILABILITY = YES_AGGRESSIVE;
				CLANG_WARN_UNREACHABLE_CODE = YES;
				CLANG_WARN__DUPLICATE_METHOD_MATCH = YES;
				COPY_PHASE_STRIP = NO;
				DEBUG_INFORMATION_FORMAT = "dwarf-with-dsym";
				ENABLE_NS_ASSERTIONS = NO;
				ENABLE_STRICT_OBJC_MSGSEND = YES;
				GCC_C_LANGUAGE_STANDARD = gnu11;
				GCC_NO_COMMON_BLOCKS = YES;
				GCC_WARN_64_TO_32_BIT_CONVERSION = YES;
				GCC_WARN_ABOUT_RETURN_TYPE = YES_ERROR;
				GCC_WARN_UNDECLARED_SELECTOR = YES;
				GCC_WARN_UNINITIALIZED_AUTOS = YES_AGGRESSIVE;
				GCC_WARN_UNUSED_FUNCTION = YES;
				GCC_WARN_UNUSED_VARIABLE = YES;
				MTL_ENABLE_DEBUG_INFO = NO;
				MTL_FAST_MATH = YES;
				SWIFT_COMPILATION_MODE = wholemodule;
				SWIFT_OPTIMIZATION_LEVEL = "-O";
			};
			name = Release;
		};
		32A261D62967120D00582809 /* Debug */ = {
			isa = XCBuildConfiguration;
			baseConfigurationReference = 64D03090E26F1D2F6920592E /* Pods-firebase_auth_sample (iOS).debug.xcconfig */;
			buildSettings = {
				ASSETCATALOG_COMPILER_APPICON_NAME = AppIcon;
				ASSETCATALOG_COMPILER_GLOBAL_ACCENT_COLOR_NAME = AccentColor;
				CODE_SIGN_STYLE = Automatic;
				CURRENT_PROJECT_VERSION = 1;
				ENABLE_PREVIEWS = YES;
				GENERATE_INFOPLIST_FILE = YES;
				INFOPLIST_KEY_UIApplicationSceneManifest_Generation = YES;
				INFOPLIST_KEY_UIApplicationSupportsIndirectInputEvents = YES;
				INFOPLIST_KEY_UILaunchScreen_Generation = YES;
				INFOPLIST_KEY_UISupportedInterfaceOrientations_iPad = "UIInterfaceOrientationPortrait UIInterfaceOrientationPortraitUpsideDown UIInterfaceOrientationLandscapeLeft UIInterfaceOrientationLandscapeRight";
				INFOPLIST_KEY_UISupportedInterfaceOrientations_iPhone = "UIInterfaceOrientationPortrait UIInterfaceOrientationLandscapeLeft UIInterfaceOrientationLandscapeRight";
				IPHONEOS_DEPLOYMENT_TARGET = 15.5;
				LD_RUNPATH_SEARCH_PATHS = (
					"$(inherited)",
					"@executable_path/Frameworks",
				);
				MARKETING_VERSION = 1.0;
				PRODUCT_BUNDLE_IDENTIFIER = "test.firebase-auth-sample";
				PRODUCT_NAME = firebase_auth_sample;
				SDKROOT = iphoneos;
				SWIFT_EMIT_LOC_STRINGS = YES;
				SWIFT_VERSION = 5.0;
				TARGETED_DEVICE_FAMILY = "1,2";
			};
			name = Debug;
		};
		32A261D72967120D00582809 /* Release */ = {
			isa = XCBuildConfiguration;
			baseConfigurationReference = 0E3E920989EF4F5ABAD61346 /* Pods-firebase_auth_sample (iOS).release.xcconfig */;
			buildSettings = {
				ASSETCATALOG_COMPILER_APPICON_NAME = AppIcon;
				ASSETCATALOG_COMPILER_GLOBAL_ACCENT_COLOR_NAME = AccentColor;
				CODE_SIGN_STYLE = Automatic;
				CURRENT_PROJECT_VERSION = 1;
				ENABLE_PREVIEWS = YES;
				GENERATE_INFOPLIST_FILE = YES;
				INFOPLIST_KEY_UIApplicationSceneManifest_Generation = YES;
				INFOPLIST_KEY_UIApplicationSupportsIndirectInputEvents = YES;
				INFOPLIST_KEY_UILaunchScreen_Generation = YES;
				INFOPLIST_KEY_UISupportedInterfaceOrientations_iPad = "UIInterfaceOrientationPortrait UIInterfaceOrientationPortraitUpsideDown UIInterfaceOrientationLandscapeLeft UIInterfaceOrientationLandscapeRight";
				INFOPLIST_KEY_UISupportedInterfaceOrientations_iPhone = "UIInterfaceOrientationPortrait UIInterfaceOrientationLandscapeLeft UIInterfaceOrientationLandscapeRight";
				IPHONEOS_DEPLOYMENT_TARGET = 15.5;
				LD_RUNPATH_SEARCH_PATHS = (
					"$(inherited)",
					"@executable_path/Frameworks",
				);
				MARKETING_VERSION = 1.0;
				PRODUCT_BUNDLE_IDENTIFIER = "test.firebase-auth-sample";
				PRODUCT_NAME = firebase_auth_sample;
				SDKROOT = iphoneos;
				SWIFT_EMIT_LOC_STRINGS = YES;
				SWIFT_VERSION = 5.0;
				TARGETED_DEVICE_FAMILY = "1,2";
				VALIDATE_PRODUCT = YES;
			};
			name = Release;
		};
		32A261D92967120D00582809 /* Debug */ = {
			isa = XCBuildConfiguration;
			baseConfigurationReference = FE19F29E4645A5F36BE10DD5 /* Pods-firebase_auth_sample (macOS).debug.xcconfig */;
			buildSettings = {
				ASSETCATALOG_COMPILER_APPICON_NAME = AppIcon;
				ASSETCATALOG_COMPILER_GLOBAL_ACCENT_COLOR_NAME = AccentColor;
				CODE_SIGN_ENTITLEMENTS = macOS/macOS.entitlements;
				CODE_SIGN_STYLE = Automatic;
				COMBINE_HIDPI_IMAGES = YES;
				CURRENT_PROJECT_VERSION = 1;
				ENABLE_PREVIEWS = YES;
				GENERATE_INFOPLIST_FILE = YES;
				INFOPLIST_KEY_NSHumanReadableCopyright = "";
				LD_RUNPATH_SEARCH_PATHS = (
					"$(inherited)",
					"@executable_path/../Frameworks",
				);
				MACOSX_DEPLOYMENT_TARGET = 12.2;
				MARKETING_VERSION = 1.0;
				PRODUCT_BUNDLE_IDENTIFIER = "test.firebase-auth-sample";
				PRODUCT_NAME = firebase_auth_sample;
				SDKROOT = macosx;
				SWIFT_EMIT_LOC_STRINGS = YES;
				SWIFT_VERSION = 5.0;
			};
			name = Debug;
		};
		32A261DA2967120D00582809 /* Release */ = {
			isa = XCBuildConfiguration;
			baseConfigurationReference = 2DA4DF55FF87D136636375D1 /* Pods-firebase_auth_sample (macOS).release.xcconfig */;
			buildSettings = {
				ASSETCATALOG_COMPILER_APPICON_NAME = AppIcon;
				ASSETCATALOG_COMPILER_GLOBAL_ACCENT_COLOR_NAME = AccentColor;
				CODE_SIGN_ENTITLEMENTS = macOS/macOS.entitlements;
				CODE_SIGN_STYLE = Automatic;
				COMBINE_HIDPI_IMAGES = YES;
				CURRENT_PROJECT_VERSION = 1;
				ENABLE_PREVIEWS = YES;
				GENERATE_INFOPLIST_FILE = YES;
				INFOPLIST_KEY_NSHumanReadableCopyright = "";
				LD_RUNPATH_SEARCH_PATHS = (
					"$(inherited)",
					"@executable_path/../Frameworks",
				);
				MACOSX_DEPLOYMENT_TARGET = 12.2;
				MARKETING_VERSION = 1.0;
				PRODUCT_BUNDLE_IDENTIFIER = "test.firebase-auth-sample";
				PRODUCT_NAME = firebase_auth_sample;
				SDKROOT = macosx;
				SWIFT_EMIT_LOC_STRINGS = YES;
				SWIFT_VERSION = 5.0;
			};
			name = Release;
		};
		32A261DC2967120D00582809 /* Debug */ = {
			isa = XCBuildConfiguration;
			buildSettings = {
				ALWAYS_EMBED_SWIFT_STANDARD_LIBRARIES = YES;
				CODE_SIGN_STYLE = Automatic;
				CURRENT_PROJECT_VERSION = 1;
				GENERATE_INFOPLIST_FILE = YES;
				IPHONEOS_DEPLOYMENT_TARGET = 15.5;
				MARKETING_VERSION = 1.0;
				PRODUCT_BUNDLE_IDENTIFIER = "test.Tests-iOS";
				PRODUCT_NAME = "$(TARGET_NAME)";
				SDKROOT = iphoneos;
				SWIFT_EMIT_LOC_STRINGS = NO;
				SWIFT_VERSION = 5.0;
				TARGETED_DEVICE_FAMILY = "1,2";
				TEST_TARGET_NAME = "firebase_auth_sample (iOS)";
			};
			name = Debug;
		};
		32A261DD2967120D00582809 /* Release */ = {
			isa = XCBuildConfiguration;
			buildSettings = {
				ALWAYS_EMBED_SWIFT_STANDARD_LIBRARIES = YES;
				CODE_SIGN_STYLE = Automatic;
				CURRENT_PROJECT_VERSION = 1;
				GENERATE_INFOPLIST_FILE = YES;
				IPHONEOS_DEPLOYMENT_TARGET = 15.5;
				MARKETING_VERSION = 1.0;
				PRODUCT_BUNDLE_IDENTIFIER = "test.Tests-iOS";
				PRODUCT_NAME = "$(TARGET_NAME)";
				SDKROOT = iphoneos;
				SWIFT_EMIT_LOC_STRINGS = NO;
				SWIFT_VERSION = 5.0;
				TARGETED_DEVICE_FAMILY = "1,2";
				TEST_TARGET_NAME = "firebase_auth_sample (iOS)";
				VALIDATE_PRODUCT = YES;
			};
			name = Release;
		};
		32A261DF2967120D00582809 /* Debug */ = {
			isa = XCBuildConfiguration;
			buildSettings = {
				ALWAYS_EMBED_SWIFT_STANDARD_LIBRARIES = YES;
				CODE_SIGN_STYLE = Automatic;
				CURRENT_PROJECT_VERSION = 1;
				GENERATE_INFOPLIST_FILE = YES;
				MACOSX_DEPLOYMENT_TARGET = 12.2;
				MARKETING_VERSION = 1.0;
				PRODUCT_BUNDLE_IDENTIFIER = "test.Tests-macOS";
				PRODUCT_NAME = "$(TARGET_NAME)";
				SDKROOT = macosx;
				SWIFT_EMIT_LOC_STRINGS = NO;
				SWIFT_VERSION = 5.0;
				TEST_TARGET_NAME = "firebase_auth_sample (macOS)";
			};
			name = Debug;
		};
		32A261E02967120D00582809 /* Release */ = {
			isa = XCBuildConfiguration;
			buildSettings = {
				ALWAYS_EMBED_SWIFT_STANDARD_LIBRARIES = YES;
				CODE_SIGN_STYLE = Automatic;
				CURRENT_PROJECT_VERSION = 1;
				GENERATE_INFOPLIST_FILE = YES;
				MACOSX_DEPLOYMENT_TARGET = 12.2;
				MARKETING_VERSION = 1.0;
				PRODUCT_BUNDLE_IDENTIFIER = "test.Tests-macOS";
				PRODUCT_NAME = "$(TARGET_NAME)";
				SDKROOT = macosx;
				SWIFT_EMIT_LOC_STRINGS = NO;
				SWIFT_VERSION = 5.0;
				TEST_TARGET_NAME = "firebase_auth_sample (macOS)";
			};
			name = Release;
		};
/* End XCBuildConfiguration section */

/* Begin XCConfigurationList section */
		32A261A32967120500582809 /* Build configuration list for PBXProject "firebase_auth_sample" */ = {
			isa = XCConfigurationList;
			buildConfigurations = (
				32A261D32967120D00582809 /* Debug */,
				32A261D42967120D00582809 /* Release */,
			);
			defaultConfigurationIsVisible = 0;
			defaultConfigurationName = Release;
		};
		32A261D52967120D00582809 /* Build configuration list for PBXNativeTarget "firebase_auth_sample (iOS)" */ = {
			isa = XCConfigurationList;
			buildConfigurations = (
				32A261D62967120D00582809 /* Debug */,
				32A261D72967120D00582809 /* Release */,
			);
			defaultConfigurationIsVisible = 0;
			defaultConfigurationName = Release;
		};
		32A261D82967120D00582809 /* Build configuration list for PBXNativeTarget "firebase_auth_sample (macOS)" */ = {
			isa = XCConfigurationList;
			buildConfigurations = (
				32A261D92967120D00582809 /* Debug */,
				32A261DA2967120D00582809 /* Release */,
			);
			defaultConfigurationIsVisible = 0;
			defaultConfigurationName = Release;
		};
		32A261DB2967120D00582809 /* Build configuration list for PBXNativeTarget "Tests iOS" */ = {
			isa = XCConfigurationList;
			buildConfigurations = (
				32A261DC2967120D00582809 /* Debug */,
				32A261DD2967120D00582809 /* Release */,
			);
			defaultConfigurationIsVisible = 0;
			defaultConfigurationName = Release;
		};
		32A261DE2967120D00582809 /* Build configuration list for PBXNativeTarget "Tests macOS" */ = {
			isa = XCConfigurationList;
			buildConfigurations = (
				32A261DF2967120D00582809 /* Debug */,
				32A261E02967120D00582809 /* Release */,
			);
			defaultConfigurationIsVisible = 0;
			defaultConfigurationName = Release;
		};
/* End XCConfigurationList section */
	};
	rootObject = 32A261A02967120500582809 /* Project object */;
}
